// !$*UTF8*$!
{
	archiveVersion = 1;
	classes = {
	};
	objectVersion = 46;
	objects = {

/* Begin PBXBuildFile section */
		52013CB31CD0C34B00E4B7F8 /* UIControl+HTDebug.m in Sources */ = {isa = PBXBuildFile; fileRef = 52013CB21CD0C34B00E4B7F8 /* UIControl+HTDebug.m */; };
		52013CB71CD1F1C900E4B7F8 /* NSDictionary+HTDebug.m in Sources */ = {isa = PBXBuildFile; fileRef = 52013CB61CD1F1C900E4B7F8 /* NSDictionary+HTDebug.m */; };
		52187A311CA0F1F30002FEF8 /* main.m in Sources */ = {isa = PBXBuildFile; fileRef = 52187A301CA0F1F30002FEF8 /* main.m */; };
		52187A341CA0F1F30002FEF8 /* AppDelegate.m in Sources */ = {isa = PBXBuildFile; fileRef = 52187A331CA0F1F30002FEF8 /* AppDelegate.m */; };
		52187A371CA0F1F30002FEF8 /* ViewController.m in Sources */ = {isa = PBXBuildFile; fileRef = 52187A361CA0F1F30002FEF8 /* ViewController.m */; };
		52187A3A1CA0F1F30002FEF8 /* Main.storyboard in Resources */ = {isa = PBXBuildFile; fileRef = 52187A381CA0F1F30002FEF8 /* Main.storyboard */; };
		52187A3C1CA0F1F30002FEF8 /* Assets.xcassets in Resources */ = {isa = PBXBuildFile; fileRef = 52187A3B1CA0F1F30002FEF8 /* Assets.xcassets */; };
		52187A3F1CA0F1F30002FEF8 /* LaunchScreen.storyboard in Resources */ = {isa = PBXBuildFile; fileRef = 52187A3D1CA0F1F30002FEF8 /* LaunchScreen.storyboard */; };
		52187A551CA0F1F30002FEF8 /* HTUtiltiesUITests.m in Sources */ = {isa = PBXBuildFile; fileRef = 52187A541CA0F1F30002FEF8 /* HTUtiltiesUITests.m */; };
		52397EA51D7EB79100809E81 /* NSObject+HTDebug.m in Sources */ = {isa = PBXBuildFile; fileRef = 52397EA41D7EB79100809E81 /* NSObject+HTDebug.m */; };
		52397EAB1D7EEA5300809E81 /* HTPickerView.m in Sources */ = {isa = PBXBuildFile; fileRef = 52397EAA1D7EEA5300809E81 /* HTPickerView.m */; };
		5267E6631CAA205700008484 /* GMBQRCodeScan.m in Sources */ = {isa = PBXBuildFile; fileRef = 5267E6621CAA205700008484 /* GMBQRCodeScan.m */; };
		528A5A621D01813200D6A50C /* HTModel.m in Sources */ = {isa = PBXBuildFile; fileRef = 528A5A611D01813200D6A50C /* HTModel.m */; };
		529B1A311E7BD18800C9ABD4 /* HTCodeToolPrototype.m in Sources */ = {isa = PBXBuildFile; fileRef = 529B1A301E7BD18800C9ABD4 /* HTCodeToolPrototype.m */; };
		529B4C661D780FDF0035FD62 /* HTStackView.m in Sources */ = {isa = PBXBuildFile; fileRef = 529B4C651D780FDF0035FD62 /* HTStackView.m */; };
		52A7AC671D66B37100A0859F /* HTPerformanceTests.m in Sources */ = {isa = PBXBuildFile; fileRef = 52A7AC661D66B37100A0859F /* HTPerformanceTests.m */; };
		52B68EAA1CCE1B8600F7A086 /* NSArray+HTDebug.m in Sources */ = {isa = PBXBuildFile; fileRef = 52B68EA91CCE1B8600F7A086 /* NSArray+HTDebug.m */; };
		52B9CF881CC8C0BC003BCB03 /* UIView+HTDebug.m in Sources */ = {isa = PBXBuildFile; fileRef = 52B9CF871CC8C0BC003BCB03 /* UIView+HTDebug.m */; };
		52CB8EC81E652293008F4976 /* UIAlertView+HTBlock.m in Sources */ = {isa = PBXBuildFile; fileRef = 52CB8EC71E652293008F4976 /* UIAlertView+HTBlock.m */; };
		52E6B3301D4714A60044F15A /* UIControl+HTBlock.m in Sources */ = {isa = PBXBuildFile; fileRef = 52E6B32F1D4714A60044F15A /* UIControl+HTBlock.m */; };
		52E788311E67149100DC5514 /* HTDebugTests.m in Sources */ = {isa = PBXBuildFile; fileRef = 52E788301E67149100DC5514 /* HTDebugTests.m */; };
		52F220951CA3CF19007671FD /* HTBlockTableView.m in Sources */ = {isa = PBXBuildFile; fileRef = 52F220941CA3CF19007671FD /* HTBlockTableView.m */; };
		52F2209A1CA3CF20007671FD /* UIView+Frame.m in Sources */ = {isa = PBXBuildFile; fileRef = 52F220971CA3CF20007671FD /* UIView+Frame.m */; };
		52F2209B1CA3CF20007671FD /* UIView+HTInspectable.m in Sources */ = {isa = PBXBuildFile; fileRef = 52F220991CA3CF20007671FD /* UIView+HTInspectable.m */; };
		5D16A5E137AFABC0B229CB25 /* libPods-HTUtilties.a in Frameworks */ = {isa = PBXBuildFile; fileRef = 10346C47DF9B06DDB95A22FC /* libPods-HTUtilties.a */; };
/* End PBXBuildFile section */

/* Begin PBXContainerItemProxy section */
		52187A461CA0F1F30002FEF8 /* PBXContainerItemProxy */ = {
			isa = PBXContainerItemProxy;
			containerPortal = 52187A241CA0F1F30002FEF8 /* Project object */;
			proxyType = 1;
			remoteGlobalIDString = 52187A2B1CA0F1F30002FEF8;
			remoteInfo = HTUtilties;
		};
		52187A511CA0F1F30002FEF8 /* PBXContainerItemProxy */ = {
			isa = PBXContainerItemProxy;
			containerPortal = 52187A241CA0F1F30002FEF8 /* Project object */;
			proxyType = 1;
			remoteGlobalIDString = 52187A2B1CA0F1F30002FEF8;
			remoteInfo = HTUtilties;
		};
/* End PBXContainerItemProxy section */

/* Begin PBXFileReference section */
		10346C47DF9B06DDB95A22FC /* libPods-HTUtilties.a */ = {isa = PBXFileReference; explicitFileType = archive.ar; includeInIndex = 0; path = "libPods-HTUtilties.a"; sourceTree = BUILT_PRODUCTS_DIR; };
		3B90335034FE7FE95CB696F8 /* Pods-HTUtilties.release.xcconfig */ = {isa = PBXFileReference; includeInIndex = 1; lastKnownFileType = text.xcconfig; name = "Pods-HTUtilties.release.xcconfig"; path = "Pods/Target Support Files/Pods-HTUtilties/Pods-HTUtilties.release.xcconfig"; sourceTree = "<group>"; };
		52013CB11CD0C34B00E4B7F8 /* UIControl+HTDebug.h */ = {isa = PBXFileReference; fileEncoding = 4; lastKnownFileType = sourcecode.c.h; path = "UIControl+HTDebug.h"; sourceTree = "<group>"; };
		52013CB21CD0C34B00E4B7F8 /* UIControl+HTDebug.m */ = {isa = PBXFileReference; fileEncoding = 4; lastKnownFileType = sourcecode.c.objc; path = "UIControl+HTDebug.m"; sourceTree = "<group>"; };
		52013CB51CD1F1C900E4B7F8 /* NSDictionary+HTDebug.h */ = {isa = PBXFileReference; fileEncoding = 4; lastKnownFileType = sourcecode.c.h; path = "NSDictionary+HTDebug.h"; sourceTree = "<group>"; };
		52013CB61CD1F1C900E4B7F8 /* NSDictionary+HTDebug.m */ = {isa = PBXFileReference; fileEncoding = 4; lastKnownFileType = sourcecode.c.objc; path = "NSDictionary+HTDebug.m"; sourceTree = "<group>"; };
		52187A2C1CA0F1F30002FEF8 /* HTUtilties.app */ = {isa = PBXFileReference; explicitFileType = wrapper.application; includeInIndex = 0; path = HTUtilties.app; sourceTree = BUILT_PRODUCTS_DIR; };
		52187A301CA0F1F30002FEF8 /* main.m */ = {isa = PBXFileReference; lastKnownFileType = sourcecode.c.objc; path = main.m; sourceTree = "<group>"; };
		52187A321CA0F1F30002FEF8 /* AppDelegate.h */ = {isa = PBXFileReference; lastKnownFileType = sourcecode.c.h; path = AppDelegate.h; sourceTree = "<group>"; };
		52187A331CA0F1F30002FEF8 /* AppDelegate.m */ = {isa = PBXFileReference; lastKnownFileType = sourcecode.c.objc; path = AppDelegate.m; sourceTree = "<group>"; };
		52187A351CA0F1F30002FEF8 /* ViewController.h */ = {isa = PBXFileReference; lastKnownFileType = sourcecode.c.h; path = ViewController.h; sourceTree = "<group>"; };
		52187A361CA0F1F30002FEF8 /* ViewController.m */ = {isa = PBXFileReference; lastKnownFileType = sourcecode.c.objc; path = ViewController.m; sourceTree = "<group>"; };
		52187A391CA0F1F30002FEF8 /* Base */ = {isa = PBXFileReference; lastKnownFileType = file.storyboard; name = Base; path = Base.lproj/Main.storyboard; sourceTree = "<group>"; };
		52187A3B1CA0F1F30002FEF8 /* Assets.xcassets */ = {isa = PBXFileReference; lastKnownFileType = folder.assetcatalog; path = Assets.xcassets; sourceTree = "<group>"; };
		52187A3E1CA0F1F30002FEF8 /* Base */ = {isa = PBXFileReference; lastKnownFileType = file.storyboard; name = Base; path = Base.lproj/LaunchScreen.storyboard; sourceTree = "<group>"; };
		52187A401CA0F1F30002FEF8 /* Info.plist */ = {isa = PBXFileReference; lastKnownFileType = text.plist.xml; path = Info.plist; sourceTree = "<group>"; };
		52187A451CA0F1F30002FEF8 /* HTUtiltiesTests.xctest */ = {isa = PBXFileReference; explicitFileType = wrapper.cfbundle; includeInIndex = 0; path = HTUtiltiesTests.xctest; sourceTree = BUILT_PRODUCTS_DIR; };
		52187A4B1CA0F1F30002FEF8 /* Info.plist */ = {isa = PBXFileReference; lastKnownFileType = text.plist.xml; path = Info.plist; sourceTree = "<group>"; };
		52187A501CA0F1F30002FEF8 /* HTUtiltiesUITests.xctest */ = {isa = PBXFileReference; explicitFileType = wrapper.cfbundle; includeInIndex = 0; path = HTUtiltiesUITests.xctest; sourceTree = BUILT_PRODUCTS_DIR; };
		52187A541CA0F1F30002FEF8 /* HTUtiltiesUITests.m */ = {isa = PBXFileReference; lastKnownFileType = sourcecode.c.objc; path = HTUtiltiesUITests.m; sourceTree = "<group>"; };
		52187A561CA0F1F30002FEF8 /* Info.plist */ = {isa = PBXFileReference; lastKnownFileType = text.plist.xml; path = Info.plist; sourceTree = "<group>"; };
		52397EA31D7EB79100809E81 /* NSObject+HTDebug.h */ = {isa = PBXFileReference; fileEncoding = 4; lastKnownFileType = sourcecode.c.h; path = "NSObject+HTDebug.h"; sourceTree = "<group>"; };
		52397EA41D7EB79100809E81 /* NSObject+HTDebug.m */ = {isa = PBXFileReference; fileEncoding = 4; lastKnownFileType = sourcecode.c.objc; path = "NSObject+HTDebug.m"; sourceTree = "<group>"; };
		52397EA91D7EEA5300809E81 /* HTPickerView.h */ = {isa = PBXFileReference; fileEncoding = 4; lastKnownFileType = sourcecode.c.h; path = HTPickerView.h; sourceTree = "<group>"; };
		52397EAA1D7EEA5300809E81 /* HTPickerView.m */ = {isa = PBXFileReference; fileEncoding = 4; lastKnownFileType = sourcecode.c.objc; path = HTPickerView.m; sourceTree = "<group>"; };
		5267E6611CAA205700008484 /* GMBQRCodeScan.h */ = {isa = PBXFileReference; fileEncoding = 4; lastKnownFileType = sourcecode.c.h; path = GMBQRCodeScan.h; sourceTree = "<group>"; };
		5267E6621CAA205700008484 /* GMBQRCodeScan.m */ = {isa = PBXFileReference; fileEncoding = 4; lastKnownFileType = sourcecode.c.objc; path = GMBQRCodeScan.m; sourceTree = "<group>"; };
		528A5A601D01813200D6A50C /* HTModel.h */ = {isa = PBXFileReference; fileEncoding = 4; lastKnownFileType = sourcecode.c.h; path = HTModel.h; sourceTree = "<group>"; };
		528A5A611D01813200D6A50C /* HTModel.m */ = {isa = PBXFileReference; fileEncoding = 4; lastKnownFileType = sourcecode.c.objc; path = HTModel.m; sourceTree = "<group>"; };
		529B1A2F1E7BD18800C9ABD4 /* HTCodeToolPrototype.h */ = {isa = PBXFileReference; fileEncoding = 4; lastKnownFileType = sourcecode.c.h; path = HTCodeToolPrototype.h; sourceTree = "<group>"; };
		529B1A301E7BD18800C9ABD4 /* HTCodeToolPrototype.m */ = {isa = PBXFileReference; fileEncoding = 4; lastKnownFileType = sourcecode.c.objc; path = HTCodeToolPrototype.m; sourceTree = "<group>"; };
		529B4C641D780FDF0035FD62 /* HTStackView.h */ = {isa = PBXFileReference; fileEncoding = 4; lastKnownFileType = sourcecode.c.h; path = HTStackView.h; sourceTree = "<group>"; };
		529B4C651D780FDF0035FD62 /* HTStackView.m */ = {isa = PBXFileReference; fileEncoding = 4; lastKnownFileType = sourcecode.c.objc; path = HTStackView.m; sourceTree = "<group>"; };
		52A7AC661D66B37100A0859F /* HTPerformanceTests.m */ = {isa = PBXFileReference; fileEncoding = 4; lastKnownFileType = sourcecode.c.objc; path = HTPerformanceTests.m; sourceTree = "<group>"; };
		52B68EA81CCE1B8600F7A086 /* NSArray+HTDebug.h */ = {isa = PBXFileReference; fileEncoding = 4; lastKnownFileType = sourcecode.c.h; path = "NSArray+HTDebug.h"; sourceTree = "<group>"; };
		52B68EA91CCE1B8600F7A086 /* NSArray+HTDebug.m */ = {isa = PBXFileReference; fileEncoding = 4; lastKnownFileType = sourcecode.c.objc; path = "NSArray+HTDebug.m"; sourceTree = "<group>"; };
		52B9CF831CC77567003BCB03 /* PrefixHeader.pch */ = {isa = PBXFileReference; lastKnownFileType = sourcecode.c.h; path = PrefixHeader.pch; sourceTree = "<group>"; };
		52B9CF861CC8C0BC003BCB03 /* UIView+HTDebug.h */ = {isa = PBXFileReference; fileEncoding = 4; lastKnownFileType = sourcecode.c.h; path = "UIView+HTDebug.h"; sourceTree = "<group>"; };
		52B9CF871CC8C0BC003BCB03 /* UIView+HTDebug.m */ = {isa = PBXFileReference; fileEncoding = 4; lastKnownFileType = sourcecode.c.objc; path = "UIView+HTDebug.m"; sourceTree = "<group>"; };
		52CB8EC61E652293008F4976 /* UIAlertView+HTBlock.h */ = {isa = PBXFileReference; fileEncoding = 4; lastKnownFileType = sourcecode.c.h; path = "UIAlertView+HTBlock.h"; sourceTree = "<group>"; };
		52CB8EC71E652293008F4976 /* UIAlertView+HTBlock.m */ = {isa = PBXFileReference; fileEncoding = 4; lastKnownFileType = sourcecode.c.objc; path = "UIAlertView+HTBlock.m"; sourceTree = "<group>"; };
		52E6B32E1D4714A60044F15A /* UIControl+HTBlock.h */ = {isa = PBXFileReference; fileEncoding = 4; lastKnownFileType = sourcecode.c.h; path = "UIControl+HTBlock.h"; sourceTree = "<group>"; };
		52E6B32F1D4714A60044F15A /* UIControl+HTBlock.m */ = {isa = PBXFileReference; fileEncoding = 4; lastKnownFileType = sourcecode.c.objc; path = "UIControl+HTBlock.m"; sourceTree = "<group>"; };
		52E788301E67149100DC5514 /* HTDebugTests.m */ = {isa = PBXFileReference; fileEncoding = 4; lastKnownFileType = sourcecode.c.objc; path = HTDebugTests.m; sourceTree = "<group>"; };
		52F220921CA3CF12007671FD /* HTMacro.h */ = {isa = PBXFileReference; lastKnownFileType = sourcecode.c.h; path = HTMacro.h; sourceTree = "<group>"; };
		52F220931CA3CF19007671FD /* HTBlockTableView.h */ = {isa = PBXFileReference; fileEncoding = 4; lastKnownFileType = sourcecode.c.h; path = HTBlockTableView.h; sourceTree = "<group>"; };
		52F220941CA3CF19007671FD /* HTBlockTableView.m */ = {isa = PBXFileReference; fileEncoding = 4; lastKnownFileType = sourcecode.c.objc; path = HTBlockTableView.m; sourceTree = "<group>"; };
		52F220961CA3CF20007671FD /* UIView+Frame.h */ = {isa = PBXFileReference; fileEncoding = 4; lastKnownFileType = sourcecode.c.h; path = "UIView+Frame.h"; sourceTree = "<group>"; };
		52F220971CA3CF20007671FD /* UIView+Frame.m */ = {isa = PBXFileReference; fileEncoding = 4; lastKnownFileType = sourcecode.c.objc; path = "UIView+Frame.m"; sourceTree = "<group>"; };
		52F220981CA3CF20007671FD /* UIView+HTInspectable.h */ = {isa = PBXFileReference; fileEncoding = 4; lastKnownFileType = sourcecode.c.h; path = "UIView+HTInspectable.h"; sourceTree = "<group>"; };
		52F220991CA3CF20007671FD /* UIView+HTInspectable.m */ = {isa = PBXFileReference; fileEncoding = 4; lastKnownFileType = sourcecode.c.objc; path = "UIView+HTInspectable.m"; sourceTree = "<group>"; };
		A9A831E90119B29B28243C25 /* Pods-HTUtilties.debug.xcconfig */ = {isa = PBXFileReference; includeInIndex = 1; lastKnownFileType = text.xcconfig; name = "Pods-HTUtilties.debug.xcconfig"; path = "Pods/Target Support Files/Pods-HTUtilties/Pods-HTUtilties.debug.xcconfig"; sourceTree = "<group>"; };
/* End PBXFileReference section */

/* Begin PBXFrameworksBuildPhase section */
		52187A291CA0F1F30002FEF8 /* Frameworks */ = {
			isa = PBXFrameworksBuildPhase;
			buildActionMask = 2147483647;
			files = (
				5D16A5E137AFABC0B229CB25 /* libPods-HTUtilties.a in Frameworks */,
			);
			runOnlyForDeploymentPostprocessing = 0;
		};
		52187A421CA0F1F30002FEF8 /* Frameworks */ = {
			isa = PBXFrameworksBuildPhase;
			buildActionMask = 2147483647;
			files = (
			);
			runOnlyForDeploymentPostprocessing = 0;
		};
		52187A4D1CA0F1F30002FEF8 /* Frameworks */ = {
			isa = PBXFrameworksBuildPhase;
			buildActionMask = 2147483647;
			files = (
			);
			runOnlyForDeploymentPostprocessing = 0;
		};
/* End PBXFrameworksBuildPhase section */

/* Begin PBXGroup section */
		195538392801FB5043EB23BD /* Frameworks */ = {
			isa = PBXGroup;
			children = (
				10346C47DF9B06DDB95A22FC /* libPods-HTUtilties.a */,
			);
			name = Frameworks;
			sourceTree = "<group>";
		};
		33277935A43D684728FF71A0 /* Pods */ = {
			isa = PBXGroup;
			children = (
				A9A831E90119B29B28243C25 /* Pods-HTUtilties.debug.xcconfig */,
				3B90335034FE7FE95CB696F8 /* Pods-HTUtilties.release.xcconfig */,
			);
			name = Pods;
			sourceTree = "<group>";
		};
		52187A231CA0F1F30002FEF8 = {
			isa = PBXGroup;
			children = (
				52187A2E1CA0F1F30002FEF8 /* HTUtilties */,
				52187A481CA0F1F30002FEF8 /* HTUtiltiesTests */,
				52187A531CA0F1F30002FEF8 /* HTUtiltiesUITests */,
				52187A2D1CA0F1F30002FEF8 /* Products */,
				33277935A43D684728FF71A0 /* Pods */,
				195538392801FB5043EB23BD /* Frameworks */,
			);
			sourceTree = "<group>";
		};
		52187A2D1CA0F1F30002FEF8 /* Products */ = {
			isa = PBXGroup;
			children = (
				52187A2C1CA0F1F30002FEF8 /* HTUtilties.app */,
				52187A451CA0F1F30002FEF8 /* HTUtiltiesTests.xctest */,
				52187A501CA0F1F30002FEF8 /* HTUtiltiesUITests.xctest */,
			);
			name = Products;
			sourceTree = "<group>";
		};
		52187A2E1CA0F1F30002FEF8 /* HTUtilties */ = {
			isa = PBXGroup;
			children = (
				52F220811CA3CDBD007671FD /* HTUtilties */,
				52187A321CA0F1F30002FEF8 /* AppDelegate.h */,
				52187A331CA0F1F30002FEF8 /* AppDelegate.m */,
				52187A351CA0F1F30002FEF8 /* ViewController.h */,
				52187A361CA0F1F30002FEF8 /* ViewController.m */,
				52187A381CA0F1F30002FEF8 /* Main.storyboard */,
				52187A3B1CA0F1F30002FEF8 /* Assets.xcassets */,
				52187A3D1CA0F1F30002FEF8 /* LaunchScreen.storyboard */,
				52187A401CA0F1F30002FEF8 /* Info.plist */,
				52187A2F1CA0F1F30002FEF8 /* Supporting Files */,
			);
			path = HTUtilties;
			sourceTree = "<group>";
		};
		52187A2F1CA0F1F30002FEF8 /* Supporting Files */ = {
			isa = PBXGroup;
			children = (
				52187A301CA0F1F30002FEF8 /* main.m */,
				52B9CF831CC77567003BCB03 /* PrefixHeader.pch */,
			);
			name = "Supporting Files";
			sourceTree = "<group>";
		};
		52187A481CA0F1F30002FEF8 /* HTUtiltiesTests */ = {
			isa = PBXGroup;
			children = (
				52E788301E67149100DC5514 /* HTDebugTests.m */,
				52A7AC661D66B37100A0859F /* HTPerformanceTests.m */,
				52187A4B1CA0F1F30002FEF8 /* Info.plist */,
			);
			path = HTUtiltiesTests;
			sourceTree = "<group>";
		};
		52187A531CA0F1F30002FEF8 /* HTUtiltiesUITests */ = {
			isa = PBXGroup;
			children = (
				52187A541CA0F1F30002FEF8 /* HTUtiltiesUITests.m */,
				52187A561CA0F1F30002FEF8 /* Info.plist */,
			);
			path = HTUtiltiesUITests;
			sourceTree = "<group>";
		};
		5267E6661CAA6BF900008484 /* Control */ = {
			isa = PBXGroup;
			children = (
				5267E6611CAA205700008484 /* GMBQRCodeScan.h */,
				5267E6621CAA205700008484 /* GMBQRCodeScan.m */,
			);
			name = Control;
			sourceTree = "<group>";
		};
		528A5A5F1D01811700D6A50C /* Model */ = {
			isa = PBXGroup;
			children = (
				528A5A601D01813200D6A50C /* HTModel.h */,
				528A5A611D01813200D6A50C /* HTModel.m */,
			);
			name = Model;
			sourceTree = "<group>";
		};
		529B1A2E1E7BD01200C9ABD4 /* CodeTool */ = {
			isa = PBXGroup;
			children = (
				529B1A2F1E7BD18800C9ABD4 /* HTCodeToolPrototype.h */,
				529B1A301E7BD18800C9ABD4 /* HTCodeToolPrototype.m */,
			);
			name = CodeTool;
			sourceTree = "<group>";
		};
		52F220811CA3CDBD007671FD /* HTUtilties */ = {
			isa = PBXGroup;
			children = (
				529B1A2E1E7BD01200C9ABD4 /* CodeTool */,
				528A5A5F1D01811700D6A50C /* Model */,
				5267E6661CAA6BF900008484 /* Control */,
				52F220911CA3CEF5007671FD /* Macro */,
				52F220901CA3CEEE007671FD /* Category */,
				52F2208F1CA3CDCA007671FD /* View */,
			);
			path = HTUtilties;
			sourceTree = "<group>";
		};
		52F2208F1CA3CDCA007671FD /* View */ = {
			isa = PBXGroup;
			children = (
				52F220931CA3CF19007671FD /* HTBlockTableView.h */,
				52F220941CA3CF19007671FD /* HTBlockTableView.m */,
				52397EA91D7EEA5300809E81 /* HTPickerView.h */,
				52397EAA1D7EEA5300809E81 /* HTPickerView.m */,
				529B4C641D780FDF0035FD62 /* HTStackView.h */,
				529B4C651D780FDF0035FD62 /* HTStackView.m */,
			);
			name = View;
			sourceTree = "<group>";
		};
		52F220901CA3CEEE007671FD /* Category */ = {
			isa = PBXGroup;
			children = (
				52397EA31D7EB79100809E81 /* NSObject+HTDebug.h */,
				52397EA41D7EB79100809E81 /* NSObject+HTDebug.m */,
				52F220961CA3CF20007671FD /* UIView+Frame.h */,
				52F220971CA3CF20007671FD /* UIView+Frame.m */,
				52CB8EC61E652293008F4976 /* UIAlertView+HTBlock.h */,
				52CB8EC71E652293008F4976 /* UIAlertView+HTBlock.m */,
				52F220981CA3CF20007671FD /* UIView+HTInspectable.h */,
				52F220991CA3CF20007671FD /* UIView+HTInspectable.m */,
				52B9CF861CC8C0BC003BCB03 /* UIView+HTDebug.h */,
				52B9CF871CC8C0BC003BCB03 /* UIView+HTDebug.m */,
				52B68EA81CCE1B8600F7A086 /* NSArray+HTDebug.h */,
				52B68EA91CCE1B8600F7A086 /* NSArray+HTDebug.m */,
				52013CB51CD1F1C900E4B7F8 /* NSDictionary+HTDebug.h */,
				52013CB61CD1F1C900E4B7F8 /* NSDictionary+HTDebug.m */,
				52013CB11CD0C34B00E4B7F8 /* UIControl+HTDebug.h */,
				52013CB21CD0C34B00E4B7F8 /* UIControl+HTDebug.m */,
				52E6B32E1D4714A60044F15A /* UIControl+HTBlock.h */,
				52E6B32F1D4714A60044F15A /* UIControl+HTBlock.m */,
			);
			name = Category;
			sourceTree = "<group>";
		};
		52F220911CA3CEF5007671FD /* Macro */ = {
			isa = PBXGroup;
			children = (
				52F220921CA3CF12007671FD /* HTMacro.h */,
			);
			name = Macro;
			sourceTree = "<group>";
		};
/* End PBXGroup section */

/* Begin PBXNativeTarget section */
		52187A2B1CA0F1F30002FEF8 /* HTUtilties */ = {
			isa = PBXNativeTarget;
			buildConfigurationList = 52187A591CA0F1F30002FEF8 /* Build configuration list for PBXNativeTarget "HTUtilties" */;
			buildPhases = (
				60DF66E650CC69FE676CCBAE /* Check Pods Manifest.lock */,
				52187A281CA0F1F30002FEF8 /* Sources */,
				52187A291CA0F1F30002FEF8 /* Frameworks */,
				52187A2A1CA0F1F30002FEF8 /* Resources */,
				3A5C44741C07E070DA99E419 /* Embed Pods Frameworks */,
				E37FFDD5F086B816C88A284C /* Copy Pods Resources */,
			);
			buildRules = (
			);
			dependencies = (
			);
			name = HTUtilties;
			productName = HTUtilties;
			productReference = 52187A2C1CA0F1F30002FEF8 /* HTUtilties.app */;
			productType = "com.apple.product-type.application";
		};
		52187A441CA0F1F30002FEF8 /* HTUtiltiesTests */ = {
			isa = PBXNativeTarget;
			buildConfigurationList = 52187A5C1CA0F1F30002FEF8 /* Build configuration list for PBXNativeTarget "HTUtiltiesTests" */;
			buildPhases = (
				52187A411CA0F1F30002FEF8 /* Sources */,
				52187A421CA0F1F30002FEF8 /* Frameworks */,
				52187A431CA0F1F30002FEF8 /* Resources */,
			);
			buildRules = (
			);
			dependencies = (
				52187A471CA0F1F30002FEF8 /* PBXTargetDependency */,
			);
			name = HTUtiltiesTests;
			productName = HTUtiltiesTests;
			productReference = 52187A451CA0F1F30002FEF8 /* HTUtiltiesTests.xctest */;
			productType = "com.apple.product-type.bundle.unit-test";
		};
		52187A4F1CA0F1F30002FEF8 /* HTUtiltiesUITests */ = {
			isa = PBXNativeTarget;
			buildConfigurationList = 52187A5F1CA0F1F30002FEF8 /* Build configuration list for PBXNativeTarget "HTUtiltiesUITests" */;
			buildPhases = (
				52187A4C1CA0F1F30002FEF8 /* Sources */,
				52187A4D1CA0F1F30002FEF8 /* Frameworks */,
				52187A4E1CA0F1F30002FEF8 /* Resources */,
			);
			buildRules = (
			);
			dependencies = (
				52187A521CA0F1F30002FEF8 /* PBXTargetDependency */,
			);
			name = HTUtiltiesUITests;
			productName = HTUtiltiesUITests;
			productReference = 52187A501CA0F1F30002FEF8 /* HTUtiltiesUITests.xctest */;
			productType = "com.apple.product-type.bundle.ui-testing";
		};
/* End PBXNativeTarget section */

/* Begin PBXProject section */
		52187A241CA0F1F30002FEF8 /* Project object */ = {
			isa = PBXProject;
			attributes = {
				LastUpgradeCheck = 0720;
				ORGANIZATIONNAME = "江海天";
				TargetAttributes = {
					52187A2B1CA0F1F30002FEF8 = {
						CreatedOnToolsVersion = 7.2.1;
						DevelopmentTeam = NPHK4GA7Z3;
					};
					52187A441CA0F1F30002FEF8 = {
						CreatedOnToolsVersion = 7.2.1;
						TestTargetID = 52187A2B1CA0F1F30002FEF8;
					};
					52187A4F1CA0F1F30002FEF8 = {
						CreatedOnToolsVersion = 7.2.1;
						TestTargetID = 52187A2B1CA0F1F30002FEF8;
					};
				};
			};
			buildConfigurationList = 52187A271CA0F1F30002FEF8 /* Build configuration list for PBXProject "HTUtilties" */;
			compatibilityVersion = "Xcode 3.2";
			developmentRegion = English;
			hasScannedForEncodings = 0;
			knownRegions = (
				en,
				Base,
			);
			mainGroup = 52187A231CA0F1F30002FEF8;
			productRefGroup = 52187A2D1CA0F1F30002FEF8 /* Products */;
			projectDirPath = "";
			projectRoot = "";
			targets = (
				52187A2B1CA0F1F30002FEF8 /* HTUtilties */,
				52187A441CA0F1F30002FEF8 /* HTUtiltiesTests */,
				52187A4F1CA0F1F30002FEF8 /* HTUtiltiesUITests */,
			);
		};
/* End PBXProject section */

/* Begin PBXResourcesBuildPhase section */
		52187A2A1CA0F1F30002FEF8 /* Resources */ = {
			isa = PBXResourcesBuildPhase;
			buildActionMask = 2147483647;
			files = (
				52187A3F1CA0F1F30002FEF8 /* LaunchScreen.storyboard in Resources */,
				52187A3C1CA0F1F30002FEF8 /* Assets.xcassets in Resources */,
				52187A3A1CA0F1F30002FEF8 /* Main.storyboard in Resources */,
			);
			runOnlyForDeploymentPostprocessing = 0;
		};
		52187A431CA0F1F30002FEF8 /* Resources */ = {
			isa = PBXResourcesBuildPhase;
			buildActionMask = 2147483647;
			files = (
			);
			runOnlyForDeploymentPostprocessing = 0;
		};
		52187A4E1CA0F1F30002FEF8 /* Resources */ = {
			isa = PBXResourcesBuildPhase;
			buildActionMask = 2147483647;
			files = (
			);
			runOnlyForDeploymentPostprocessing = 0;
		};
/* End PBXResourcesBuildPhase section */

/* Begin PBXShellScriptBuildPhase section */
		3A5C44741C07E070DA99E419 /* Embed Pods Frameworks */ = {
			isa = PBXShellScriptBuildPhase;
			buildActionMask = 2147483647;
			files = (
			);
			inputPaths = (
			);
			name = "Embed Pods Frameworks";
			outputPaths = (
			);
			runOnlyForDeploymentPostprocessing = 0;
			shellPath = /bin/sh;
			shellScript = "\"${SRCROOT}/Pods/Target Support Files/Pods-HTUtilties/Pods-HTUtilties-frameworks.sh\"\n";
			showEnvVarsInLog = 0;
		};
		60DF66E650CC69FE676CCBAE /* Check Pods Manifest.lock */ = {
			isa = PBXShellScriptBuildPhase;
			buildActionMask = 2147483647;
			files = (
			);
			inputPaths = (
			);
			name = "Check Pods Manifest.lock";
			outputPaths = (
			);
			runOnlyForDeploymentPostprocessing = 0;
			shellPath = /bin/sh;
			shellScript = "diff \"${PODS_ROOT}/../Podfile.lock\" \"${PODS_ROOT}/Manifest.lock\" > /dev/null\nif [[ $? != 0 ]] ; then\n    cat << EOM\nerror: The sandbox is not in sync with the Podfile.lock. Run 'pod install' or update your CocoaPods installation.\nEOM\n    exit 1\nfi\n";
			showEnvVarsInLog = 0;
		};
		E37FFDD5F086B816C88A284C /* Copy Pods Resources */ = {
			isa = PBXShellScriptBuildPhase;
			buildActionMask = 2147483647;
			files = (
			);
			inputPaths = (
			);
			name = "Copy Pods Resources";
			outputPaths = (
			);
			runOnlyForDeploymentPostprocessing = 0;
			shellPath = /bin/sh;
			shellScript = "\"${SRCROOT}/Pods/Target Support Files/Pods-HTUtilties/Pods-HTUtilties-resources.sh\"\n";
			showEnvVarsInLog = 0;
		};
/* End PBXShellScriptBuildPhase section */

/* Begin PBXSourcesBuildPhase section */
		52187A281CA0F1F30002FEF8 /* Sources */ = {
			isa = PBXSourcesBuildPhase;
			buildActionMask = 2147483647;
			files = (
				52B68EAA1CCE1B8600F7A086 /* NSArray+HTDebug.m in Sources */,
				529B4C661D780FDF0035FD62 /* HTStackView.m in Sources */,
				52E6B3301D4714A60044F15A /* UIControl+HTBlock.m in Sources */,
				52B9CF881CC8C0BC003BCB03 /* UIView+HTDebug.m in Sources */,
				52CB8EC81E652293008F4976 /* UIAlertView+HTBlock.m in Sources */,
				5267E6631CAA205700008484 /* GMBQRCodeScan.m in Sources */,
				52187A371CA0F1F30002FEF8 /* ViewController.m in Sources */,
				52397EA51D7EB79100809E81 /* NSObject+HTDebug.m in Sources */,
				52F2209B1CA3CF20007671FD /* UIView+HTInspectable.m in Sources */,
				52013CB31CD0C34B00E4B7F8 /* UIControl+HTDebug.m in Sources */,
				52187A341CA0F1F30002FEF8 /* AppDelegate.m in Sources */,
				529B1A311E7BD18800C9ABD4 /* HTCodeToolPrototype.m in Sources */,
				52397EAB1D7EEA5300809E81 /* HTPickerView.m in Sources */,
				52187A311CA0F1F30002FEF8 /* main.m in Sources */,
				52F2209A1CA3CF20007671FD /* UIView+Frame.m in Sources */,
				52F220951CA3CF19007671FD /* HTBlockTableView.m in Sources */,
				528A5A621D01813200D6A50C /* HTModel.m in Sources */,
				52013CB71CD1F1C900E4B7F8 /* NSDictionary+HTDebug.m in Sources */,
			);
			runOnlyForDeploymentPostprocessing = 0;
		};
		52187A411CA0F1F30002FEF8 /* Sources */ = {
			isa = PBXSourcesBuildPhase;
			buildActionMask = 2147483647;
			files = (
				52A7AC671D66B37100A0859F /* HTPerformanceTests.m in Sources */,
				52E788311E67149100DC5514 /* HTDebugTests.m in Sources */,
			);
			runOnlyForDeploymentPostprocessing = 0;
		};
		52187A4C1CA0F1F30002FEF8 /* Sources */ = {
			isa = PBXSourcesBuildPhase;
			buildActionMask = 2147483647;
			files = (
				52187A551CA0F1F30002FEF8 /* HTUtiltiesUITests.m in Sources */,
			);
			runOnlyForDeploymentPostprocessing = 0;
		};
/* End PBXSourcesBuildPhase section */

/* Begin PBXTargetDependency section */
		52187A471CA0F1F30002FEF8 /* PBXTargetDependency */ = {
			isa = PBXTargetDependency;
			target = 52187A2B1CA0F1F30002FEF8 /* HTUtilties */;
			targetProxy = 52187A461CA0F1F30002FEF8 /* PBXContainerItemProxy */;
		};
		52187A521CA0F1F30002FEF8 /* PBXTargetDependency */ = {
			isa = PBXTargetDependency;
			target = 52187A2B1CA0F1F30002FEF8 /* HTUtilties */;
			targetProxy = 52187A511CA0F1F30002FEF8 /* PBXContainerItemProxy */;
		};
/* End PBXTargetDependency section */

/* Begin PBXVariantGroup section */
		52187A381CA0F1F30002FEF8 /* Main.storyboard */ = {
			isa = PBXVariantGroup;
			children = (
				52187A391CA0F1F30002FEF8 /* Base */,
			);
			name = Main.storyboard;
			sourceTree = "<group>";
		};
		52187A3D1CA0F1F30002FEF8 /* LaunchScreen.storyboard */ = {
			isa = PBXVariantGroup;
			children = (
				52187A3E1CA0F1F30002FEF8 /* Base */,
			);
			name = LaunchScreen.storyboard;
			sourceTree = "<group>";
		};
/* End PBXVariantGroup section */

/* Begin XCBuildConfiguration section */
		52187A571CA0F1F30002FEF8 /* Debug */ = {
			isa = XCBuildConfiguration;
			buildSettings = {
				ALWAYS_SEARCH_USER_PATHS = NO;
				CLANG_CXX_LANGUAGE_STANDARD = "gnu++0x";
				CLANG_CXX_LIBRARY = "libc++";
				CLANG_ENABLE_MODULES = YES;
				CLANG_ENABLE_OBJC_ARC = YES;
				CLANG_WARN_BOOL_CONVERSION = YES;
				CLANG_WARN_CONSTANT_CONVERSION = YES;
				CLANG_WARN_DIRECT_OBJC_ISA_USAGE = YES_ERROR;
				CLANG_WARN_EMPTY_BODY = YES;
				CLANG_WARN_ENUM_CONVERSION = YES;
				CLANG_WARN_INT_CONVERSION = YES;
				CLANG_WARN_OBJC_ROOT_CLASS = YES_ERROR;
				CLANG_WARN_UNREACHABLE_CODE = YES;
				CLANG_WARN__DUPLICATE_METHOD_MATCH = YES;
				"CODE_SIGN_IDENTITY[sdk=iphoneos*]" = "iPhone Developer";
				COPY_PHASE_STRIP = NO;
				DEBUG_INFORMATION_FORMAT = dwarf;
				ENABLE_STRICT_OBJC_MSGSEND = YES;
				ENABLE_TESTABILITY = YES;
				GCC_C_LANGUAGE_STANDARD = gnu99;
				GCC_DYNAMIC_NO_PIC = NO;
				GCC_NO_COMMON_BLOCKS = YES;
				GCC_OPTIMIZATION_LEVEL = 0;
				GCC_PREPROCESSOR_DEFINITIONS = (
					"DEBUG=1",
					"$(inherited)",
				);
				GCC_WARN_64_TO_32_BIT_CONVERSION = YES;
				GCC_WARN_ABOUT_RETURN_TYPE = YES_ERROR;
				GCC_WARN_UNDECLARED_SELECTOR = YES;
				GCC_WARN_UNINITIALIZED_AUTOS = YES_AGGRESSIVE;
				GCC_WARN_UNUSED_FUNCTION = YES;
				GCC_WARN_UNUSED_VARIABLE = YES;
				IPHONEOS_DEPLOYMENT_TARGET = 9.2;
				MTL_ENABLE_DEBUG_INFO = YES;
				ONLY_ACTIVE_ARCH = YES;
				SDKROOT = iphoneos;
				TARGETED_DEVICE_FAMILY = "1,2";
			};
			name = Debug;
		};
		52187A581CA0F1F30002FEF8 /* Release */ = {
			isa = XCBuildConfiguration;
			buildSettings = {
				ALWAYS_SEARCH_USER_PATHS = NO;
				CLANG_CXX_LANGUAGE_STANDARD = "gnu++0x";
				CLANG_CXX_LIBRARY = "libc++";
				CLANG_ENABLE_MODULES = YES;
				CLANG_ENABLE_OBJC_ARC = YES;
				CLANG_WARN_BOOL_CONVERSION = YES;
				CLANG_WARN_CONSTANT_CONVERSION = YES;
				CLANG_WARN_DIRECT_OBJC_ISA_USAGE = YES_ERROR;
				CLANG_WARN_EMPTY_BODY = YES;
				CLANG_WARN_ENUM_CONVERSION = YES;
				CLANG_WARN_INT_CONVERSION = YES;
				CLANG_WARN_OBJC_ROOT_CLASS = YES_ERROR;
				CLANG_WARN_UNREACHABLE_CODE = YES;
				CLANG_WARN__DUPLICATE_METHOD_MATCH = YES;
				"CODE_SIGN_IDENTITY[sdk=iphoneos*]" = "iPhone Developer";
				COPY_PHASE_STRIP = NO;
				DEBUG_INFORMATION_FORMAT = "dwarf-with-dsym";
				ENABLE_NS_ASSERTIONS = NO;
				ENABLE_STRICT_OBJC_MSGSEND = YES;
				GCC_C_LANGUAGE_STANDARD = gnu99;
				GCC_NO_COMMON_BLOCKS = YES;
				GCC_WARN_64_TO_32_BIT_CONVERSION = YES;
				GCC_WARN_ABOUT_RETURN_TYPE = YES_ERROR;
				GCC_WARN_UNDECLARED_SELECTOR = YES;
				GCC_WARN_UNINITIALIZED_AUTOS = YES_AGGRESSIVE;
				GCC_WARN_UNUSED_FUNCTION = YES;
				GCC_WARN_UNUSED_VARIABLE = YES;
				IPHONEOS_DEPLOYMENT_TARGET = 9.2;
				MTL_ENABLE_DEBUG_INFO = NO;
				SDKROOT = iphoneos;
				TARGETED_DEVICE_FAMILY = "1,2";
				VALIDATE_PRODUCT = YES;
			};
			name = Release;
		};
		52187A5A1CA0F1F30002FEF8 /* Debug */ = {
			isa = XCBuildConfiguration;
			baseConfigurationReference = A9A831E90119B29B28243C25 /* Pods-HTUtilties.debug.xcconfig */;
			buildSettings = {
				ASSETCATALOG_COMPILER_APPICON_NAME = AppIcon;
				CODE_SIGN_IDENTITY = "iPhone Developer";
				"CODE_SIGN_IDENTITY[sdk=iphoneos*]" = "iPhone Developer";
				GCC_PRECOMPILE_PREFIX_HEADER = YES;
				GCC_PREFIX_HEADER = "$(SRCROOT)/HTUtilties/PrefixHeader.pch";
				INFOPLIST_FILE = HTUtilties/Info.plist;
				IPHONEOS_DEPLOYMENT_TARGET = 7.0;
				LD_RUNPATH_SEARCH_PATHS = "$(inherited) @executable_path/Frameworks";
				ONLY_ACTIVE_ARCH = YES;
				PRODUCT_BUNDLE_IDENTIFIER = "me.jht-primer.HTUtilties";
				PRODUCT_NAME = "$(TARGET_NAME)";
				PROVISIONING_PROFILE = "";
			};
			name = Debug;
		};
		52187A5B1CA0F1F30002FEF8 /* Release */ = {
			isa = XCBuildConfiguration;
			baseConfigurationReference = 3B90335034FE7FE95CB696F8 /* Pods-HTUtilties.release.xcconfig */;
			buildSettings = {
				ASSETCATALOG_COMPILER_APPICON_NAME = AppIcon;
				CODE_SIGN_IDENTITY = "iPhone Developer";
				"CODE_SIGN_IDENTITY[sdk=iphoneos*]" = "iPhone Developer";
				GCC_PRECOMPILE_PREFIX_HEADER = YES;
				GCC_PREFIX_HEADER = "$(SRCROOT)/HTUtilties/PrefixHeader.pch";
				INFOPLIST_FILE = HTUtilties/Info.plist;
				IPHONEOS_DEPLOYMENT_TARGET = 7.0;
				LD_RUNPATH_SEARCH_PATHS = "$(inherited) @executable_path/Frameworks";
				ONLY_ACTIVE_ARCH = NO;
				PRODUCT_BUNDLE_IDENTIFIER = "me.jht-primer.HTUtilties";
				PRODUCT_NAME = "$(TARGET_NAME)";
				PROVISIONING_PROFILE = "";
			};
			name = Release;
		};
		52187A5D1CA0F1F30002FEF8 /* Debug */ = {
			isa = XCBuildConfiguration;
			buildSettings = {
				BUNDLE_LOADER = "$(TEST_HOST)";
				INFOPLIST_FILE = HTUtiltiesTests/Info.plist;
				LD_RUNPATH_SEARCH_PATHS = "$(inherited) @executable_path/Frameworks @loader_path/Frameworks";
				PRODUCT_BUNDLE_IDENTIFIER = "com.jht-primer.HTUtiltiesTests";
				PRODUCT_NAME = "$(TARGET_NAME)";
				TEST_HOST = "$(BUILT_PRODUCTS_DIR)/HTUtilties.app/HTUtilties";
			};
			name = Debug;
		};
		52187A5E1CA0F1F30002FEF8 /* Release */ = {
			isa = XCBuildConfiguration;
			buildSettings = {
				BUNDLE_LOADER = "$(TEST_HOST)";
				INFOPLIST_FILE = HTUtiltiesTests/Info.plist;
				LD_RUNPATH_SEARCH_PATHS = "$(inherited) @executable_path/Frameworks @loader_path/Frameworks";
				PRODUCT_BUNDLE_IDENTIFIER = "com.jht-primer.HTUtiltiesTests";
				PRODUCT_NAME = "$(TARGET_NAME)";
				TEST_HOST = "$(BUILT_PRODUCTS_DIR)/HTUtilties.app/HTUtilties";
			};
			name = Release;
		};
		52187A601CA0F1F30002FEF8 /* Debug */ = {
			isa = XCBuildConfiguration;
			buildSettings = {
				INFOPLIST_FILE = HTUtiltiesUITests/Info.plist;
				LD_RUNPATH_SEARCH_PATHS = "$(inherited) @executable_path/Frameworks @loader_path/Frameworks";
				PRODUCT_BUNDLE_IDENTIFIER = "com.jht-primer.HTUtiltiesUITests";
				PRODUCT_NAME = "$(TARGET_NAME)";
				TEST_TARGET_NAME = HTUtilties;
				USES_XCTRUNNER = YES;
			};
			name = Debug;
		};
		52187A611CA0F1F30002FEF8 /* Release */ = {
			isa = XCBuildConfiguration;
			buildSettings = {
				INFOPLIST_FILE = HTUtiltiesUITests/Info.plist;
				LD_RUNPATH_SEARCH_PATHS = "$(inherited) @executable_path/Frameworks @loader_path/Frameworks";
				PRODUCT_BUNDLE_IDENTIFIER = "com.jht-primer.HTUtiltiesUITests";
				PRODUCT_NAME = "$(TARGET_NAME)";
				TEST_TARGET_NAME = HTUtilties;
				USES_XCTRUNNER = YES;
			};
			name = Release;
		};
/* End XCBuildConfiguration section */

/* Begin XCConfigurationList section */
		52187A271CA0F1F30002FEF8 /* Build configuration list for PBXProject "HTUtilties" */ = {
			isa = XCConfigurationList;
			buildConfigurations = (
				52187A571CA0F1F30002FEF8 /* Debug */,
				52187A581CA0F1F30002FEF8 /* Release */,
			);
			defaultConfigurationIsVisible = 0;
			defaultConfigurationName = Release;
		};
		52187A591CA0F1F30002FEF8 /* Build configuration list for PBXNativeTarget "HTUtilties" */ = {
			isa = XCConfigurationList;
			buildConfigurations = (
				52187A5A1CA0F1F30002FEF8 /* Debug */,
				52187A5B1CA0F1F30002FEF8 /* Release */,
			);
			defaultConfigurationIsVisible = 0;
			defaultConfigurationName = Release;
		};
		52187A5C1CA0F1F30002FEF8 /* Build configuration list for PBXNativeTarget "HTUtiltiesTests" */ = {
			isa = XCConfigurationList;
			buildConfigurations = (
				52187A5D1CA0F1F30002FEF8 /* Debug */,
				52187A5E1CA0F1F30002FEF8 /* Release */,
			);
			defaultConfigurationIsVisible = 0;
			defaultConfigurationName = Release;
		};
		52187A5F1CA0F1F30002FEF8 /* Build configuration list for PBXNativeTarget "HTUtiltiesUITests" */ = {
			isa = XCConfigurationList;
			buildConfigurations = (
				52187A601CA0F1F30002FEF8 /* Debug */,
				52187A611CA0F1F30002FEF8 /* Release */,
			);
			defaultConfigurationIsVisible = 0;
			defaultConfigurationName = Release;
		};
/* End XCConfigurationList section */
	};
	rootObject = 52187A241CA0F1F30002FEF8 /* Project object */;
}
